// !$*UTF8*$!
{
	archiveVersion = 1;
	classes = {
	};
	objectVersion = 77;
	objects = {

/* Begin PBXBuildFile section */
		05ADD72D2C3A135E0BA4A03A /* Scoring.swift in Sources */ = {isa = PBXBuildFile; fileRef = CCD2A7F45E380579D8E23A3A /* Scoring.swift */; };
		05E15C20AC9BC31E52816CB2 /* RiichiEngine.swift in Sources */ = {isa = PBXBuildFile; fileRef = 69AA2AC92C7FA6720E53A0C2 /* RiichiEngine.swift */; };
		0EDD9303C86A46A9E59E55EF /* Theme.swift in Sources */ = {isa = PBXBuildFile; fileRef = DFFF7A88598298F5F31EDFD0 /* Theme.swift */; };
		116A539F792206AD5CB22755 /* SplashView.swift in Sources */ = {isa = PBXBuildFile; fileRef = 2F2DC2CB75DB44AEA7BA1B74 /* SplashView.swift */; };
		14FC6E4E840BAEBFDFC386D7 /* Yaku.swift in Sources */ = {isa = PBXBuildFile; fileRef = C95CF3E4605BE42D64C8623F /* Yaku.swift */; };
		1E02422A42C910B3FC58BE60 /* Assets.xcassets in Resources */ = {isa = PBXBuildFile; fileRef = 02665AE9CB42448F1ACF71D0 /* Assets.xcassets */; };
		1F5B30E364222F7870B02D72 /* Layout.swift in Sources */ = {isa = PBXBuildFile; fileRef = 5674FFD847215C28EFBAB070 /* Layout.swift */; };
		26D3747F45AB2DC5F9CC0392 /* GameView.swift in Sources */ = {isa = PBXBuildFile; fileRef = 270D40E9AAE5C868DF6A4C74 /* GameView.swift */; };
		2F6A9D6D7E0B9C3B1C0B499B /* GameEngineTests.swift in Sources */ = {isa = PBXBuildFile; fileRef = BBDF2A5D05819CB9BE75E10D /* GameEngineTests.swift */; };
		2FB389B3B110E393116F74CC /* GameEngine.swift in Sources */ = {isa = PBXBuildFile; fileRef = ED2B3BA9B29816955B126332 /* GameEngine.swift */; };
		34EE828F78A639B948E2197D /* SaveStore.swift in Sources */ = {isa = PBXBuildFile; fileRef = BD96AE5EA782E611267A454B /* SaveStore.swift */; };
		3D3AF4DD6608C520CB604D18 /* Modals.swift in Sources */ = {isa = PBXBuildFile; fileRef = C52A4FD1DFB01CF14234E961 /* Modals.swift */; };
		3D617E160A5D362BC07A4759 /* TraditionalTableView.swift in Sources */ = {isa = PBXBuildFile; fileRef = 09FD71D7F9EB696814598C96 /* TraditionalTableView.swift */; };
		422885A47F9E784CB93E0C40 /* Theme.swift in Sources */ = {isa = PBXBuildFile; fileRef = DFFF7A88598298F5F31EDFD0 /* Theme.swift */; };
		4537105BB4E1A188F9F9EC9A /* Bot.swift in Sources */ = {isa = PBXBuildFile; fileRef = 89D5292734539FE7BA8399DE /* Bot.swift */; };
		4B33AF21DF5C92D9C7B8CDF7 /* BackgroundGlow.swift in Sources */ = {isa = PBXBuildFile; fileRef = 2306FEA07AC223BAA496E5AC /* BackgroundGlow.swift */; };
		4B404085E69DA2007C987DE0 /* SoundManager.swift in Sources */ = {isa = PBXBuildFile; fileRef = 5E28D73B7655CC8179843E45 /* SoundManager.swift */; };
		4DC497F213C7B061975548A2 /* HandEvalTests.swift in Sources */ = {isa = PBXBuildFile; fileRef = 4DFE0B2D416F5C1129EF8587 /* HandEvalTests.swift */; };
		4F0E81DA58EF6BE1C1E8570A /* Modals.swift in Sources */ = {isa = PBXBuildFile; fileRef = C52A4FD1DFB01CF14234E961 /* Modals.swift */; };
		4F957A0B859692261A03C7E0 /* iMahjongApp.swift in Sources */ = {isa = PBXBuildFile; fileRef = 51775D10F3776DD569F463B7 /* iMahjongApp.swift */; };
		5B3750ED6A23E3BD5C443C94 /* TileType.swift in Sources */ = {isa = PBXBuildFile; fileRef = D3B1B20B0499F947631D1B8D /* TileType.swift */; };
		5D9E1B657CC51CC738A9E4E1 /* TraditionalSetupView.swift in Sources */ = {isa = PBXBuildFile; fileRef = E95482FE4C920FC9CA7FA953 /* TraditionalSetupView.swift */; };
		6A5043499BAED0DAB380BCF8 /* TraditionalSetupView.swift in Sources */ = {isa = PBXBuildFile; fileRef = E95482FE4C920FC9CA7FA953 /* TraditionalSetupView.swift */; };
		6BE94E3B24470027C7B2F507 /* Yaku.swift in Sources */ = {isa = PBXBuildFile; fileRef = C95CF3E4605BE42D64C8623F /* Yaku.swift */; };
		71165DA8F16246BF389CD3DF /* HandEval.swift in Sources */ = {isa = PBXBuildFile; fileRef = 146F4AF6E8135D77DCE3D7B8 /* HandEval.swift */; };
		74CB00F5512F1FC32F71A25B /* SplashView.swift in Sources */ = {isa = PBXBuildFile; fileRef = 2F2DC2CB75DB44AEA7BA1B74 /* SplashView.swift */; };
		763B89E028FE4B311B3205C9 /* YakuTests.swift in Sources */ = {isa = PBXBuildFile; fileRef = 4EFFAE7AD57FF676BE210559 /* YakuTests.swift */; };
		7FE5A3333A0A6F4DCA0008E9 /* Localization.swift in Sources */ = {isa = PBXBuildFile; fileRef = 9C2E7F120A28CBCE82595382 /* Localization.swift */; };
		804C1C0EA3D18F40241E4A93 /* TileType.swift in Sources */ = {isa = PBXBuildFile; fileRef = D3B1B20B0499F947631D1B8D /* TileType.swift */; };
		80F226D746B3039134D7726E /* RiichiEngine.swift in Sources */ = {isa = PBXBuildFile; fileRef = 69AA2AC92C7FA6720E53A0C2 /* RiichiEngine.swift */; };
		81424A16C0C0D3B043BF4C16 /* iMahjongApp.swift in Sources */ = {isa = PBXBuildFile; fileRef = 51775D10F3776DD569F463B7 /* iMahjongApp.swift */; };
		8533D1A35D6AF043D353768C /* TileView.swift in Sources */ = {isa = PBXBuildFile; fileRef = E7B2EEC002D016505DFF54E4 /* TileView.swift */; };
		870E7A78FE1AD99933DC8E84 /* HowToPlayView.swift in Sources */ = {isa = PBXBuildFile; fileRef = 5F1A6A449BE12AD07E6C8F9F /* HowToPlayView.swift */; };
		87758A4E39EC125A140F3C0C /* TileFaceView.swift in Sources */ = {isa = PBXBuildFile; fileRef = EB067CA09EAFA7EB95FF31CB /* TileFaceView.swift */; };
		8FA3F7CB42242F486EEF7B9C /* TileView.swift in Sources */ = {isa = PBXBuildFile; fileRef = E7B2EEC002D016505DFF54E4 /* TileView.swift */; };
		969D6076F36653C4BFA2BB0F /* LocalMatch.swift in Sources */ = {isa = PBXBuildFile; fileRef = 50A2C843670ED244F8ADB6B7 /* LocalMatch.swift */; };
		9ABE048BDA4249B234780FF3 /* TraditionalModeSelectView.swift in Sources */ = {isa = PBXBuildFile; fileRef = 792280898DFEE7E3F888E62C /* TraditionalModeSelectView.swift */; };
		9D83E010E9C7DB48B92FEC06 /* RiichiTiles.swift in Sources */ = {isa = PBXBuildFile; fileRef = 6EB987BAB003106FB4DBA40A /* RiichiTiles.swift */; };
		A705F82256FAA509FD6CC668 /* TileFaceView.swift in Sources */ = {isa = PBXBuildFile; fileRef = EB067CA09EAFA7EB95FF31CB /* TileFaceView.swift */; };
		A82A2B7A7AE8EDDB995F4348 /* RootView.swift in Sources */ = {isa = PBXBuildFile; fileRef = DCECC0EA90F1B64957BDEF87 /* RootView.swift */; };
		AEB87B671ADB772819EAE2FF /* TraditionalTableView.swift in Sources */ = {isa = PBXBuildFile; fileRef = 09FD71D7F9EB696814598C96 /* TraditionalTableView.swift */; };
		B0B70C9F8B3FD36A2DEA0DDB /* GameEngine.swift in Sources */ = {isa = PBXBuildFile; fileRef = ED2B3BA9B29816955B126332 /* GameEngine.swift */; };
		B10E6CD5EAA2C677D57B792B /* SoundManager.swift in Sources */ = {isa = PBXBuildFile; fileRef = 5E28D73B7655CC8179843E45 /* SoundManager.swift */; };
		B52E0B0C5A4239FDD32BB569 /* Leaderboard.swift in Sources */ = {isa = PBXBuildFile; fileRef = D24ED9BB3B9E0E16744E9B08 /* Leaderboard.swift */; };
		B5CC69C0E5C99E6916289185 /* Tile.swift in Sources */ = {isa = PBXBuildFile; fileRef = 1E060BC81A86AB3A5958C372 /* Tile.swift */; };
		B93E780860DC68BE17235B6B /* RiichiTiles.swift in Sources */ = {isa = PBXBuildFile; fileRef = 6EB987BAB003106FB4DBA40A /* RiichiTiles.swift */; };
		BF7A2910176DE60B91213FBF /* Bot.swift in Sources */ = {isa = PBXBuildFile; fileRef = 89D5292734539FE7BA8399DE /* Bot.swift */; };
		C117E961809BF14CED5D2E4D /* LocalMatch.swift in Sources */ = {isa = PBXBuildFile; fileRef = 50A2C843670ED244F8ADB6B7 /* LocalMatch.swift */; };
		C2966FABE7432907D20C66C5 /* Localization.swift in Sources */ = {isa = PBXBuildFile; fileRef = 9C2E7F120A28CBCE82595382 /* Localization.swift */; };
		C51796F6CC172E31D7C60C55 /* BoardGeometry.swift in Sources */ = {isa = PBXBuildFile; fileRef = 336DD92F4BACCE825F145135 /* BoardGeometry.swift */; };
		C6E43C6938F852FCE540D4EF /* GameView.swift in Sources */ = {isa = PBXBuildFile; fileRef = 270D40E9AAE5C868DF6A4C74 /* GameView.swift */; };
		CB27F6079BF170F2218A014A /* TraditionalModeSelectView.swift in Sources */ = {isa = PBXBuildFile; fileRef = 792280898DFEE7E3F888E62C /* TraditionalModeSelectView.swift */; };
		D3C73730413A15945A54039F /* Scoring.swift in Sources */ = {isa = PBXBuildFile; fileRef = CCD2A7F45E380579D8E23A3A /* Scoring.swift */; };
		D3D14C7217F8447F9A155306 /* SaveStore.swift in Sources */ = {isa = PBXBuildFile; fileRef = BD96AE5EA782E611267A454B /* SaveStore.swift */; };
		D5ABF2063D8C40FA6F2C13CF /* BackgroundGlow.swift in Sources */ = {isa = PBXBuildFile; fileRef = 2306FEA07AC223BAA496E5AC /* BackgroundGlow.swift */; };
		DBB89F82CF73E0D8A20B0747 /* HowToPlayView.swift in Sources */ = {isa = PBXBuildFile; fileRef = 5F1A6A449BE12AD07E6C8F9F /* HowToPlayView.swift */; };
		DC46D598C6EF5E8F676C7EE2 /* HandEval.swift in Sources */ = {isa = PBXBuildFile; fileRef = 146F4AF6E8135D77DCE3D7B8 /* HandEval.swift */; };
		E21C0FD234A4A0543720D3C6 /* Leaderboard.swift in Sources */ = {isa = PBXBuildFile; fileRef = D24ED9BB3B9E0E16744E9B08 /* Leaderboard.swift */; };
		E288B4F5ABD94107B42D2A1B /* BoardGeometry.swift in Sources */ = {isa = PBXBuildFile; fileRef = 336DD92F4BACCE825F145135 /* BoardGeometry.swift */; };
		E43983FA3E9F9DCA0EFE480C /* MainMenuView.swift in Sources */ = {isa = PBXBuildFile; fileRef = 30A166F71035441B9CA9F191 /* MainMenuView.swift */; };
		EB0A48AF3043CED39BC22E1D /* Assets.xcassets in Resources */ = {isa = PBXBuildFile; fileRef = 02665AE9CB42448F1ACF71D0 /* Assets.xcassets */; };
		EE486604A710F344141F90C9 /* Layout.swift in Sources */ = {isa = PBXBuildFile; fileRef = 5674FFD847215C28EFBAB070 /* Layout.swift */; };
		F7970F709E57571EE437F34E /* RootView.swift in Sources */ = {isa = PBXBuildFile; fileRef = DCECC0EA90F1B64957BDEF87 /* RootView.swift */; };
		FD60A2D9D5DD1B01F75EA586 /* MainMenuView.swift in Sources */ = {isa = PBXBuildFile; fileRef = 30A166F71035441B9CA9F191 /* MainMenuView.swift */; };
		FF7FFD14CBFD6034539A4881 /* Tile.swift in Sources */ = {isa = PBXBuildFile; fileRef = 1E060BC81A86AB3A5958C372 /* Tile.swift */; };
/* End PBXBuildFile section */

/* Begin PBXContainerItemProxy section */
		BEC67E1130954DD5D1960B00 /* PBXContainerItemProxy */ = {
			isa = PBXContainerItemProxy;
			containerPortal = BB506774EB314387FB3FFEB8 /* Project object */;
			proxyType = 1;
			remoteGlobalIDString = FE859C82A053EEDA921EC8EC;
			remoteInfo = "iMahjong-macOS";
		};
/* End PBXContainerItemProxy section */

/* Begin PBXFileReference section */
		02665AE9CB42448F1ACF71D0 /* Assets.xcassets */ = {isa = PBXFileReference; lastKnownFileType = folder.assetcatalog; path = Assets.xcassets; sourceTree = "<group>"; };
		07C5E324696D8019F85AFA7D /* iMahjong-macOS.app */ = {isa = PBXFileReference; explicitFileType = wrapper.application; includeInIndex = 0; path = "iMahjong-macOS.app"; sourceTree = BUILT_PRODUCTS_DIR; };
		09FD71D7F9EB696814598C96 /* TraditionalTableView.swift */ = {isa = PBXFileReference; lastKnownFileType = sourcecode.swift; path = TraditionalTableView.swift; sourceTree = "<group>"; };
		146F4AF6E8135D77DCE3D7B8 /* HandEval.swift */ = {isa = PBXFileReference; lastKnownFileType = sourcecode.swift; path = HandEval.swift; sourceTree = "<group>"; };
		1E060BC81A86AB3A5958C372 /* Tile.swift */ = {isa = PBXFileReference; lastKnownFileType = sourcecode.swift; path = Tile.swift; sourceTree = "<group>"; };
		2306FEA07AC223BAA496E5AC /* BackgroundGlow.swift */ = {isa = PBXFileReference; lastKnownFileType = sourcecode.swift; path = BackgroundGlow.swift; sourceTree = "<group>"; };
		270D40E9AAE5C868DF6A4C74 /* GameView.swift */ = {isa = PBXFileReference; lastKnownFileType = sourcecode.swift; path = GameView.swift; sourceTree = "<group>"; };
		2F2DC2CB75DB44AEA7BA1B74 /* SplashView.swift */ = {isa = PBXFileReference; lastKnownFileType = sourcecode.swift; path = SplashView.swift; sourceTree = "<group>"; };
		30A166F71035441B9CA9F191 /* MainMenuView.swift */ = {isa = PBXFileReference; lastKnownFileType = sourcecode.swift; path = MainMenuView.swift; sourceTree = "<group>"; };
		336DD92F4BACCE825F145135 /* BoardGeometry.swift */ = {isa = PBXFileReference; lastKnownFileType = sourcecode.swift; path = BoardGeometry.swift; sourceTree = "<group>"; };
		40741EE1DCF68B1806A0E854 /* iMahjong-iOS.app */ = {isa = PBXFileReference; includeInIndex = 0; lastKnownFileType = wrapper.application; path = "iMahjong-iOS.app"; sourceTree = BUILT_PRODUCTS_DIR; };
		4DFE0B2D416F5C1129EF8587 /* HandEvalTests.swift */ = {isa = PBXFileReference; lastKnownFileType = sourcecode.swift; path = HandEvalTests.swift; sourceTree = "<group>"; };
		4EFFAE7AD57FF676BE210559 /* YakuTests.swift */ = {isa = PBXFileReference; lastKnownFileType = sourcecode.swift; path = YakuTests.swift; sourceTree = "<group>"; };
		50A2C843670ED244F8ADB6B7 /* LocalMatch.swift */ = {isa = PBXFileReference; lastKnownFileType = sourcecode.swift; path = LocalMatch.swift; sourceTree = "<group>"; };
		51775D10F3776DD569F463B7 /* iMahjongApp.swift */ = {isa = PBXFileReference; lastKnownFileType = sourcecode.swift; path = iMahjongApp.swift; sourceTree = "<group>"; };
		5674FFD847215C28EFBAB070 /* Layout.swift */ = {isa = PBXFileReference; lastKnownFileType = sourcecode.swift; path = Layout.swift; sourceTree = "<group>"; };
		5E28D73B7655CC8179843E45 /* SoundManager.swift */ = {isa = PBXFileReference; lastKnownFileType = sourcecode.swift; path = SoundManager.swift; sourceTree = "<group>"; };
		5F1A6A449BE12AD07E6C8F9F /* HowToPlayView.swift */ = {isa = PBXFileReference; lastKnownFileType = sourcecode.swift; path = HowToPlayView.swift; sourceTree = "<group>"; };
		644E6D6B456C7FB5CDCA7A2D /* iMahjongTests.xctest */ = {isa = PBXFileReference; explicitFileType = wrapper.cfbundle; includeInIndex = 0; path = iMahjongTests.xctest; sourceTree = BUILT_PRODUCTS_DIR; };
		69AA2AC92C7FA6720E53A0C2 /* RiichiEngine.swift */ = {isa = PBXFileReference; lastKnownFileType = sourcecode.swift; path = RiichiEngine.swift; sourceTree = "<group>"; };
		6EB987BAB003106FB4DBA40A /* RiichiTiles.swift */ = {isa = PBXFileReference; lastKnownFileType = sourcecode.swift; path = RiichiTiles.swift; sourceTree = "<group>"; };
		792280898DFEE7E3F888E62C /* TraditionalModeSelectView.swift */ = {isa = PBXFileReference; lastKnownFileType = sourcecode.swift; path = TraditionalModeSelectView.swift; sourceTree = "<group>"; };
		89D5292734539FE7BA8399DE /* Bot.swift */ = {isa = PBXFileReference; lastKnownFileType = sourcecode.swift; path = Bot.swift; sourceTree = "<group>"; };
		9C2E7F120A28CBCE82595382 /* Localization.swift */ = {isa = PBXFileReference; lastKnownFileType = sourcecode.swift; path = Localization.swift; sourceTree = "<group>"; };
		BBDF2A5D05819CB9BE75E10D /* GameEngineTests.swift */ = {isa = PBXFileReference; lastKnownFileType = sourcecode.swift; path = GameEngineTests.swift; sourceTree = "<group>"; };
		BD96AE5EA782E611267A454B /* SaveStore.swift */ = {isa = PBXFileReference; lastKnownFileType = sourcecode.swift; path = SaveStore.swift; sourceTree = "<group>"; };
		C52A4FD1DFB01CF14234E961 /* Modals.swift */ = {isa = PBXFileReference; lastKnownFileType = sourcecode.swift; path = Modals.swift; sourceTree = "<group>"; };
		C95CF3E4605BE42D64C8623F /* Yaku.swift */ = {isa = PBXFileReference; lastKnownFileType = sourcecode.swift; path = Yaku.swift; sourceTree = "<group>"; };
		CCD2A7F45E380579D8E23A3A /* Scoring.swift */ = {isa = PBXFileReference; lastKnownFileType = sourcecode.swift; path = Scoring.swift; sourceTree = "<group>"; };
		D24ED9BB3B9E0E16744E9B08 /* Leaderboard.swift */ = {isa = PBXFileReference; lastKnownFileType = sourcecode.swift; path = Leaderboard.swift; sourceTree = "<group>"; };
		D3B1B20B0499F947631D1B8D /* TileType.swift */ = {isa = PBXFileReference; lastKnownFileType = sourcecode.swift; path = TileType.swift; sourceTree = "<group>"; };
		DCECC0EA90F1B64957BDEF87 /* RootView.swift */ = {isa = PBXFileReference; lastKnownFileType = sourcecode.swift; path = RootView.swift; sourceTree = "<group>"; };
		DFFF7A88598298F5F31EDFD0 /* Theme.swift */ = {isa = PBXFileReference; lastKnownFileType = sourcecode.swift; path = Theme.swift; sourceTree = "<group>"; };
		E7B2EEC002D016505DFF54E4 /* TileView.swift */ = {isa = PBXFileReference; lastKnownFileType = sourcecode.swift; path = TileView.swift; sourceTree = "<group>"; };
		E95482FE4C920FC9CA7FA953 /* TraditionalSetupView.swift */ = {isa = PBXFileReference; lastKnownFileType = sourcecode.swift; path = TraditionalSetupView.swift; sourceTree = "<group>"; };
		EB067CA09EAFA7EB95FF31CB /* TileFaceView.swift */ = {isa = PBXFileReference; lastKnownFileType = sourcecode.swift; path = TileFaceView.swift; sourceTree = "<group>"; };
		ED2B3BA9B29816955B126332 /* GameEngine.swift */ = {isa = PBXFileReference; lastKnownFileType = sourcecode.swift; path = GameEngine.swift; sourceTree = "<group>"; };
/* End PBXFileReference section */

/* Begin PBXGroup section */
		62177652E1DC6A67306F0BFA /* Views */ = {
			isa = PBXGroup;
			children = (
				2306FEA07AC223BAA496E5AC /* BackgroundGlow.swift */,
				336DD92F4BACCE825F145135 /* BoardGeometry.swift */,
				270D40E9AAE5C868DF6A4C74 /* GameView.swift */,
				5F1A6A449BE12AD07E6C8F9F /* HowToPlayView.swift */,
				30A166F71035441B9CA9F191 /* MainMenuView.swift */,
				C52A4FD1DFB01CF14234E961 /* Modals.swift */,
				DCECC0EA90F1B64957BDEF87 /* RootView.swift */,
				2F2DC2CB75DB44AEA7BA1B74 /* SplashView.swift */,
				EB067CA09EAFA7EB95FF31CB /* TileFaceView.swift */,
				E7B2EEC002D016505DFF54E4 /* TileView.swift */,
				792280898DFEE7E3F888E62C /* TraditionalModeSelectView.swift */,
				E95482FE4C920FC9CA7FA953 /* TraditionalSetupView.swift */,
				09FD71D7F9EB696814598C96 /* TraditionalTableView.swift */,
			);
			path = Views;
			sourceTree = "<group>";
		};
		627F8ABE513FFD8F7CB53109 /* iMahjongTests */ = {
			isa = PBXGroup;
			children = (
				BBDF2A5D05819CB9BE75E10D /* GameEngineTests.swift */,
				4DFE0B2D416F5C1129EF8587 /* HandEvalTests.swift */,
				4EFFAE7AD57FF676BE210559 /* YakuTests.swift */,
			);
			path = iMahjongTests;
			sourceTree = "<group>";
		};
		718069C5BBC16E428F234E89 /* Products */ = {
			isa = PBXGroup;
			children = (
				40741EE1DCF68B1806A0E854 /* iMahjong-iOS.app */,
				07C5E324696D8019F85AFA7D /* iMahjong-macOS.app */,
				644E6D6B456C7FB5CDCA7A2D /* iMahjongTests.xctest */,
			);
			name = Products;
			sourceTree = "<group>";
		};
		99BEE238A6B61673D22EB25E /* iMahjong */ = {
			isa = PBXGroup;
			children = (
				02665AE9CB42448F1ACF71D0 /* Assets.xcassets */,
				51775D10F3776DD569F463B7 /* iMahjongApp.swift */,
				9C2E7F120A28CBCE82595382 /* Localization.swift */,
				DFFF7A88598298F5F31EDFD0 /* Theme.swift */,
				D36B60AD71963DE547E6D7CB /* Engine */,
				9D26AB4F1BE0B6BE26A1C6E7 /* Models */,
				E9EAD88066C891149528910C /* Riichi */,
				62177652E1DC6A67306F0BFA /* Views */,
			);
			path = iMahjong;
			sourceTree = "<group>";
		};
		9D26AB4F1BE0B6BE26A1C6E7 /* Models */ = {
			isa = PBXGroup;
			children = (
				1E060BC81A86AB3A5958C372 /* Tile.swift */,
				D3B1B20B0499F947631D1B8D /* TileType.swift */,
			);
			path = Models;
			sourceTree = "<group>";
		};
		D36B60AD71963DE547E6D7CB /* Engine */ = {
			isa = PBXGroup;
			children = (
				ED2B3BA9B29816955B126332 /* GameEngine.swift */,
				5674FFD847215C28EFBAB070 /* Layout.swift */,
				D24ED9BB3B9E0E16744E9B08 /* Leaderboard.swift */,
				BD96AE5EA782E611267A454B /* SaveStore.swift */,
				5E28D73B7655CC8179843E45 /* SoundManager.swift */,
			);
			path = Engine;
			sourceTree = "<group>";
		};
		D37F119948B171F09F404C8E = {
			isa = PBXGroup;
			children = (
				99BEE238A6B61673D22EB25E /* iMahjong */,
				627F8ABE513FFD8F7CB53109 /* iMahjongTests */,
				718069C5BBC16E428F234E89 /* Products */,
			);
			sourceTree = "<group>";
		};
		E9EAD88066C891149528910C /* Riichi */ = {
			isa = PBXGroup;
			children = (
				89D5292734539FE7BA8399DE /* Bot.swift */,
				146F4AF6E8135D77DCE3D7B8 /* HandEval.swift */,
				50A2C843670ED244F8ADB6B7 /* LocalMatch.swift */,
				69AA2AC92C7FA6720E53A0C2 /* RiichiEngine.swift */,
				6EB987BAB003106FB4DBA40A /* RiichiTiles.swift */,
				CCD2A7F45E380579D8E23A3A /* Scoring.swift */,
				C95CF3E4605BE42D64C8623F /* Yaku.swift */,
			);
			path = Riichi;
			sourceTree = "<group>";
		};
/* End PBXGroup section */

/* Begin PBXNativeTarget section */
		751F711BE3DDA0B9EE59EE73 /* iMahjongTests */ = {
			isa = PBXNativeTarget;
			buildConfigurationList = F52E1EAA1B3B4F4E3157B469 /* Build configuration list for PBXNativeTarget "iMahjongTests" */;
			buildPhases = (
				0399B7261182D8F996C44D5E /* Sources */,
			);
			buildRules = (
			);
			dependencies = (
				2DD8480967664B0F54F10B70 /* PBXTargetDependency */,
			);
			name = iMahjongTests;
			packageProductDependencies = (
			);
			productName = iMahjongTests;
			productReference = 644E6D6B456C7FB5CDCA7A2D /* iMahjongTests.xctest */;
			productType = "com.apple.product-type.bundle.unit-test";
		};
		D981277FDB1918C5E20C9A56 /* iMahjong-iOS */ = {
			isa = PBXNativeTarget;
			buildConfigurationList = 7DD68A6F02702434E848E25B /* Build configuration list for PBXNativeTarget "iMahjong-iOS" */;
			buildPhases = (
				301CEA455E14FD4DDBB28511 /* Sources */,
				4258E6F921666AFEC71F81EA /* Resources */,
			);
			buildRules = (
			);
			dependencies = (
			);
			name = "iMahjong-iOS";
			packageProductDependencies = (
			);
			productName = "iMahjong-iOS";
			productReference = 40741EE1DCF68B1806A0E854 /* iMahjong-iOS.app */;
			productType = "com.apple.product-type.application";
		};
		FE859C82A053EEDA921EC8EC /* iMahjong-macOS */ = {
			isa = PBXNativeTarget;
			buildConfigurationList = 13984D23D3DE3360F270F101 /* Build configuration list for PBXNativeTarget "iMahjong-macOS" */;
			buildPhases = (
				46D8D87B1C0AFB05178DD53D /* Sources */,
				40EFAB4FA1DC078FE5622F12 /* Resources */,
			);
			buildRules = (
			);
			dependencies = (
			);
			name = "iMahjong-macOS";
			packageProductDependencies = (
			);
			productName = "iMahjong-macOS";
			productReference = 07C5E324696D8019F85AFA7D /* iMahjong-macOS.app */;
			productType = "com.apple.product-type.application";
		};
/* End PBXNativeTarget section */

/* Begin PBXProject section */
		BB506774EB314387FB3FFEB8 /* Project object */ = {
			isa = PBXProject;
			attributes = {
				BuildIndependentTargetsInParallel = YES;
				LastUpgradeCheck = 1430;
				TargetAttributes = {
					751F711BE3DDA0B9EE59EE73 = {
						ProvisioningStyle = Automatic;
					};
					D981277FDB1918C5E20C9A56 = {
						ProvisioningStyle = Automatic;
					};
					FE859C82A053EEDA921EC8EC = {
						ProvisioningStyle = Automatic;
					};
				};
			};
			buildConfigurationList = 3EFC74A020E898D33B71A6C2 /* Build configuration list for PBXProject "iMahjong" */;
			developmentRegion = en;
			hasScannedForEncodings = 0;
			knownRegions = (
				Base,
				en,
			);
			mainGroup = D37F119948B171F09F404C8E;
			minimizedProjectReferenceProxies = 1;
			preferredProjectObjectVersion = 77;
			productRefGroup = 718069C5BBC16E428F234E89 /* Products */;
			projectDirPath = "";
			projectRoot = "";
			targets = (
				D981277FDB1918C5E20C9A56 /* iMahjong-iOS */,
				FE859C82A053EEDA921EC8EC /* iMahjong-macOS */,
				751F711BE3DDA0B9EE59EE73 /* iMahjongTests */,
			);
		};
/* End PBXProject section */

/* Begin PBXResourcesBuildPhase section */
		40EFAB4FA1DC078FE5622F12 /* Resources */ = {
			isa = PBXResourcesBuildPhase;
			buildActionMask = 2147483647;
			files = (
				1E02422A42C910B3FC58BE60 /* Assets.xcassets in Resources */,
			);
			runOnlyForDeploymentPostprocessing = 0;
		};
		4258E6F921666AFEC71F81EA /* Resources */ = {
			isa = PBXResourcesBuildPhase;
			buildActionMask = 2147483647;
			files = (
				EB0A48AF3043CED39BC22E1D /* Assets.xcassets in Resources */,
			);
			runOnlyForDeploymentPostprocessing = 0;
		};
/* End PBXResourcesBuildPhase section */

/* Begin PBXSourcesBuildPhase section */
		0399B7261182D8F996C44D5E /* Sources */ = {
			isa = PBXSourcesBuildPhase;
			buildActionMask = 2147483647;
			files = (
				2F6A9D6D7E0B9C3B1C0B499B /* GameEngineTests.swift in Sources */,
				4DC497F213C7B061975548A2 /* HandEvalTests.swift in Sources */,
				763B89E028FE4B311B3205C9 /* YakuTests.swift in Sources */,
			);
			runOnlyForDeploymentPostprocessing = 0;
		};
		301CEA455E14FD4DDBB28511 /* Sources */ = {
			isa = PBXSourcesBuildPhase;
			buildActionMask = 2147483647;
			files = (
				D5ABF2063D8C40FA6F2C13CF /* BackgroundGlow.swift in Sources */,
				E288B4F5ABD94107B42D2A1B /* BoardGeometry.swift in Sources */,
				BF7A2910176DE60B91213FBF /* Bot.swift in Sources */,
				2FB389B3B110E393116F74CC /* GameEngine.swift in Sources */,
				C6E43C6938F852FCE540D4EF /* GameView.swift in Sources */,
				DC46D598C6EF5E8F676C7EE2 /* HandEval.swift in Sources */,
				DBB89F82CF73E0D8A20B0747 /* HowToPlayView.swift in Sources */,
				1F5B30E364222F7870B02D72 /* Layout.swift in Sources */,
				E21C0FD234A4A0543720D3C6 /* Leaderboard.swift in Sources */,
				969D6076F36653C4BFA2BB0F /* LocalMatch.swift in Sources */,
				7FE5A3333A0A6F4DCA0008E9 /* Localization.swift in Sources */,
				FD60A2D9D5DD1B01F75EA586 /* MainMenuView.swift in Sources */,
				3D3AF4DD6608C520CB604D18 /* Modals.swift in Sources */,
				05E15C20AC9BC31E52816CB2 /* RiichiEngine.swift in Sources */,
				B93E780860DC68BE17235B6B /* RiichiTiles.swift in Sources */,
				A82A2B7A7AE8EDDB995F4348 /* RootView.swift in Sources */,
				34EE828F78A639B948E2197D /* SaveStore.swift in Sources */,
				D3C73730413A15945A54039F /* Scoring.swift in Sources */,
				B10E6CD5EAA2C677D57B792B /* SoundManager.swift in Sources */,
				74CB00F5512F1FC32F71A25B /* SplashView.swift in Sources */,
				0EDD9303C86A46A9E59E55EF /* Theme.swift in Sources */,
				FF7FFD14CBFD6034539A4881 /* Tile.swift in Sources */,
				A705F82256FAA509FD6CC668 /* TileFaceView.swift in Sources */,
				804C1C0EA3D18F40241E4A93 /* TileType.swift in Sources */,
				8533D1A35D6AF043D353768C /* TileView.swift in Sources */,
				CB27F6079BF170F2218A014A /* TraditionalModeSelectView.swift in Sources */,
				5D9E1B657CC51CC738A9E4E1 /* TraditionalSetupView.swift in Sources */,
				3D617E160A5D362BC07A4759 /* TraditionalTableView.swift in Sources */,
				6BE94E3B24470027C7B2F507 /* Yaku.swift in Sources */,
				4F957A0B859692261A03C7E0 /* iMahjongApp.swift in Sources */,
			);
			runOnlyForDeploymentPostprocessing = 0;
		};
		46D8D87B1C0AFB05178DD53D /* Sources */ = {
			isa = PBXSourcesBuildPhase;
			buildActionMask = 2147483647;
			files = (
				4B33AF21DF5C92D9C7B8CDF7 /* BackgroundGlow.swift in Sources */,
				C51796F6CC172E31D7C60C55 /* BoardGeometry.swift in Sources */,
				4537105BB4E1A188F9F9EC9A /* Bot.swift in Sources */,
				B0B70C9F8B3FD36A2DEA0DDB /* GameEngine.swift in Sources */,
				26D3747F45AB2DC5F9CC0392 /* GameView.swift in Sources */,
				71165DA8F16246BF389CD3DF /* HandEval.swift in Sources */,
				870E7A78FE1AD99933DC8E84 /* HowToPlayView.swift in Sources */,
				EE486604A710F344141F90C9 /* Layout.swift in Sources */,
				B52E0B0C5A4239FDD32BB569 /* Leaderboard.swift in Sources */,
				C117E961809BF14CED5D2E4D /* LocalMatch.swift in Sources */,
				C2966FABE7432907D20C66C5 /* Localization.swift in Sources */,
				E43983FA3E9F9DCA0EFE480C /* MainMenuView.swift in Sources */,
				4F0E81DA58EF6BE1C1E8570A /* Modals.swift in Sources */,
				80F226D746B3039134D7726E /* RiichiEngine.swift in Sources */,
				9D83E010E9C7DB48B92FEC06 /* RiichiTiles.swift in Sources */,
				F7970F709E57571EE437F34E /* RootView.swift in Sources */,
				D3D14C7217F8447F9A155306 /* SaveStore.swift in Sources */,
				05ADD72D2C3A135E0BA4A03A /* Scoring.swift in Sources */,
				4B404085E69DA2007C987DE0 /* SoundManager.swift in Sources */,
				116A539F792206AD5CB22755 /* SplashView.swift in Sources */,
				422885A47F9E784CB93E0C40 /* Theme.swift in Sources */,
				B5CC69C0E5C99E6916289185 /* Tile.swift in Sources */,
				87758A4E39EC125A140F3C0C /* TileFaceView.swift in Sources */,
				5B3750ED6A23E3BD5C443C94 /* TileType.swift in Sources */,
				8FA3F7CB42242F486EEF7B9C /* TileView.swift in Sources */,
				9ABE048BDA4249B234780FF3 /* TraditionalModeSelectView.swift in Sources */,
				6A5043499BAED0DAB380BCF8 /* TraditionalSetupView.swift in Sources */,
				AEB87B671ADB772819EAE2FF /* TraditionalTableView.swift in Sources */,
				14FC6E4E840BAEBFDFC386D7 /* Yaku.swift in Sources */,
				81424A16C0C0D3B043BF4C16 /* iMahjongApp.swift in Sources */,
			);
			runOnlyForDeploymentPostprocessing = 0;
		};
/* End PBXSourcesBuildPhase section */

/* Begin PBXTargetDependency section */
		2DD8480967664B0F54F10B70 /* PBXTargetDependency */ = {
			isa = PBXTargetDependency;
			target = FE859C82A053EEDA921EC8EC /* iMahjong-macOS */;
			targetProxy = BEC67E1130954DD5D1960B00 /* PBXContainerItemProxy */;
		};
/* End PBXTargetDependency section */

/* Begin XCBuildConfiguration section */
		1334D0588BAFC1E22AA160E6 /* Release */ = {
			isa = XCBuildConfiguration;
			buildSettings = {
				ASSETCATALOG_COMPILER_APPICON_NAME = AppIcon;
				ASSETCATALOG_COMPILER_GLOBAL_ACCENT_COLOR_NAME = AccentColor;
				CODE_SIGN_IDENTITY = "iPhone Developer";
				CODE_SIGN_STYLE = Automatic;
				INFOPLIST_FILE = "Generated/Info-iOS.plist";
				IPHONEOS_DEPLOYMENT_TARGET = 16.0;
				LD_RUNPATH_SEARCH_PATHS = (
					"$(inherited)",
					"@executable_path/Frameworks",
				);
				PRODUCT_BUNDLE_IDENTIFIER = com.vidi.iMahjong;
				SDKROOT = iphoneos;
				SWIFT_VERSION = 5.0;
				TARGETED_DEVICE_FAMILY = "1,2";
			};
			name = Release;
		};
		7BA5FF9CA4BDCB366EC1E36A /* Debug */ = {
			isa = XCBuildConfiguration;
			buildSettings = {
				ASSETCATALOG_COMPILER_APPICON_NAME = AppIcon;
				ASSETCATALOG_COMPILER_GLOBAL_ACCENT_COLOR_NAME = AccentColor;
				CODE_SIGN_STYLE = Automatic;
				COMBINE_HIDPI_IMAGES = YES;
				ENABLE_HARDENED_RUNTIME = YES;
				GENERATE_INFOPLIST_FILE = NO;
				INFOPLIST_FILE = "Generated/Info-macOS.plist";
				LD_RUNPATH_SEARCH_PATHS = (
					"$(inherited)",
					"@executable_path/../Frameworks",
				);
				MACOSX_DEPLOYMENT_TARGET = 13.0;
				PRODUCT_BUNDLE_IDENTIFIER = com.vidi.iMahjong;
				PRODUCT_MODULE_NAME = iMahjong;
				SDKROOT = macosx;
				SWIFT_VERSION = 5.0;
			};
			name = Debug;
		};
		8392770E3590C6BA47F1398C /* Debug */ = {
			isa = XCBuildConfiguration;
			buildSettings = {
				ASSETCATALOG_COMPILER_APPICON_NAME = AppIcon;
				ASSETCATALOG_COMPILER_GLOBAL_ACCENT_COLOR_NAME = AccentColor;
				CODE_SIGN_IDENTITY = "iPhone Developer";
				CODE_SIGN_STYLE = Automatic;
				INFOPLIST_FILE = "Generated/Info-iOS.plist";
				IPHONEOS_DEPLOYMENT_TARGET = 16.0;
				LD_RUNPATH_SEARCH_PATHS = (
					"$(inherited)",
					"@executable_path/Frameworks",
				);
				PRODUCT_BUNDLE_IDENTIFIER = com.vidi.iMahjong;
				SDKROOT = iphoneos;
				SWIFT_VERSION = 5.0;
				TARGETED_DEVICE_FAMILY = "1,2";
			};
			name = Debug;
		};
		942CFB8A2E1D526E3820BE88 /* Debug */ = {
			isa = XCBuildConfiguration;
			buildSettings = {
				ALWAYS_SEARCH_USER_PATHS = NO;
				CLANG_ANALYZER_NONNULL = YES;
				CLANG_ANALYZER_NUMBER_OBJECT_CONVERSION = YES_AGGRESSIVE;
				CLANG_CXX_LANGUAGE_STANDARD = "gnu++14";
				CLANG_CXX_LIBRARY = "libc++";
				CLANG_ENABLE_MODULES = YES;
				CLANG_ENABLE_OBJC_ARC = YES;
				CLANG_ENABLE_OBJC_WEAK = YES;
				CLANG_WARN_BLOCK_CAPTURE_AUTORELEASING = YES;
				CLANG_WARN_BOOL_CONVERSION = YES;
				CLANG_WARN_COMMA = YES;
				CLANG_WARN_CONSTANT_CONVERSION = YES;
				CLANG_WARN_DEPRECATED_OBJC_IMPLEMENTATIONS = YES;
				CLANG_WARN_DIRECT_OBJC_ISA_USAGE = YES_ERROR;
				CLANG_WARN_DOCUMENTATION_COMMENTS = YES;
				CLANG_WARN_EMPTY_BODY = YES;
				CLANG_WARN_ENUM_CONVERSION = YES;
				CLANG_WARN_INFINITE_RECURSION = YES;
				CLANG_WARN_INT_CONVERSION = YES;
				CLANG_WARN_NON_LITERAL_NULL_CONVERSION = YES;
				CLANG_WARN_OBJC_IMPLICIT_RETAIN_SELF = YES;
				CLANG_WARN_OBJC_LITERAL_CONVERSION = YES;
				CLANG_WARN_OBJC_ROOT_CLASS = YES_ERROR;
				CLANG_WARN_QUOTED_INCLUDE_IN_FRAMEWORK_HEADER = YES;
				CLANG_WARN_RANGE_LOOP_ANALYSIS = YES;
				CLANG_WARN_STRICT_PROTOTYPES = YES;
				CLANG_WARN_SUSPICIOUS_MOVE = YES;
				CLANG_WARN_UNGUARDED_AVAILABILITY = YES_AGGRESSIVE;
				CLANG_WARN_UNREACHABLE_CODE = YES;
				CLANG_WARN__DUPLICATE_METHOD_MATCH = YES;
				COPY_PHASE_STRIP = NO;
				DEBUG_INFORMATION_FORMAT = dwarf;
				ENABLE_STRICT_OBJC_MSGSEND = YES;
				ENABLE_TESTABILITY = YES;
				GCC_C_LANGUAGE_STANDARD = gnu11;
				GCC_DYNAMIC_NO_PIC = NO;
				GCC_NO_COMMON_BLOCKS = YES;
				GCC_OPTIMIZATION_LEVEL = 0;
				GCC_PREPROCESSOR_DEFINITIONS = (
					"$(inherited)",
					"DEBUG=1",
				);
				GCC_WARN_64_TO_32_BIT_CONVERSION = YES;
				GCC_WARN_ABOUT_RETURN_TYPE = YES_ERROR;
				GCC_WARN_UNDECLARED_SELECTOR = YES;
				GCC_WARN_UNINITIALIZED_AUTOS = YES_AGGRESSIVE;
				GCC_WARN_UNUSED_FUNCTION = YES;
				GCC_WARN_UNUSED_VARIABLE = YES;
				MTL_ENABLE_DEBUG_INFO = INCLUDE_SOURCE;
				MTL_FAST_MATH = YES;
				ONLY_ACTIVE_ARCH = YES;
				PRODUCT_NAME = "$(TARGET_NAME)";
				SWIFT_ACTIVE_COMPILATION_CONDITIONS = DEBUG;
				SWIFT_OPTIMIZATION_LEVEL = "-Onone";
				SWIFT_VERSION = 5.0;
			};
			name = Debug;
		};
		A95959814A64397FEE82F883 /* Release */ = {
			isa = XCBuildConfiguration;
			buildSettings = {
				ASSETCATALOG_COMPILER_APPICON_NAME = AppIcon;
				ASSETCATALOG_COMPILER_GLOBAL_ACCENT_COLOR_NAME = AccentColor;
				CODE_SIGN_STYLE = Automatic;
				COMBINE_HIDPI_IMAGES = YES;
				ENABLE_HARDENED_RUNTIME = YES;
				GENERATE_INFOPLIST_FILE = NO;
				INFOPLIST_FILE = "Generated/Info-macOS.plist";
				LD_RUNPATH_SEARCH_PATHS = (
					"$(inherited)",
					"@executable_path/../Frameworks",
				);
				MACOSX_DEPLOYMENT_TARGET = 13.0;
				PRODUCT_BUNDLE_IDENTIFIER = com.vidi.iMahjong;
				PRODUCT_MODULE_NAME = iMahjong;
				SDKROOT = macosx;
				SWIFT_VERSION = 5.0;
			};
			name = Release;
		};
		DEEB5EC8EFE13A02A4C53609 /* Release */ = {
			isa = XCBuildConfiguration;
			buildSettings = {
				BUNDLE_LOADER = "$(TEST_HOST)";
				CODE_SIGN_STYLE = Automatic;
				COMBINE_HIDPI_IMAGES = YES;
				GENERATE_INFOPLIST_FILE = YES;
				LD_RUNPATH_SEARCH_PATHS = (
					"$(inherited)",
					"@executable_path/../Frameworks",
					"@loader_path/../Frameworks",
				);
				MACOSX_DEPLOYMENT_TARGET = 13.0;
				PRODUCT_BUNDLE_IDENTIFIER = com.vidi.iMahjongTests;
				SDKROOT = macosx;
				SWIFT_VERSION = 5.0;
				TEST_HOST = "$(BUILT_PRODUCTS_DIR)/iMahjong-macOS.app/Contents/MacOS/iMahjong-macOS";
			};
			name = Release;
		};
		F56914337FE41EC0FD719EB1 /* Debug */ = {
			isa = XCBuildConfiguration;
			buildSettings = {
				BUNDLE_LOADER = "$(TEST_HOST)";
				CODE_SIGN_STYLE = Automatic;
				COMBINE_HIDPI_IMAGES = YES;
				GENERATE_INFOPLIST_FILE = YES;
				LD_RUNPATH_SEARCH_PATHS = (
					"$(inherited)",
					"@executable_path/../Frameworks",
					"@loader_path/../Frameworks",
				);
				MACOSX_DEPLOYMENT_TARGET = 13.0;
				PRODUCT_BUNDLE_IDENTIFIER = com.vidi.iMahjongTests;
				SDKROOT = macosx;
				SWIFT_VERSION = 5.0;
				TEST_HOST = "$(BUILT_PRODUCTS_DIR)/iMahjong-macOS.app/Contents/MacOS/iMahjong-macOS";
			};
			name = Debug;
		};
		F842F734A6A7615E62118101 /* Release */ = {
			isa = XCBuildConfiguration;
			buildSettings = {
				ALWAYS_SEARCH_USER_PATHS = NO;
				CLANG_ANALYZER_NONNULL = YES;
				CLANG_ANALYZER_NUMBER_OBJECT_CONVERSION = YES_AGGRESSIVE;
				CLANG_CXX_LANGUAGE_STANDARD = "gnu++14";
				CLANG_CXX_LIBRARY = "libc++";
				CLANG_ENABLE_MODULES = YES;
				CLANG_ENABLE_OBJC_ARC = YES;
				CLANG_ENABLE_OBJC_WEAK = YES;
				CLANG_WARN_BLOCK_CAPTURE_AUTORELEASING = YES;
				CLANG_WARN_BOOL_CONVERSION = YES;
				CLANG_WARN_COMMA = YES;
				CLANG_WARN_CONSTANT_CONVERSION = YES;
				CLANG_WARN_DEPRECATED_OBJC_IMPLEMENTATIONS = YES;
				CLANG_WARN_DIRECT_OBJC_ISA_USAGE = YES_ERROR;
				CLANG_WARN_DOCUMENTATION_COMMENTS = YES;
				CLANG_WARN_EMPTY_BODY = YES;
				CLANG_WARN_ENUM_CONVERSION = YES;
				CLANG_WARN_INFINITE_RECURSION = YES;
				CLANG_WARN_INT_CONVERSION = YES;
				CLANG_WARN_NON_LITERAL_NULL_CONVERSION = YES;
				CLANG_WARN_OBJC_IMPLICIT_RETAIN_SELF = YES;
				CLANG_WARN_OBJC_LITERAL_CONVERSION = YES;
				CLANG_WARN_OBJC_ROOT_CLASS = YES_ERROR;
				CLANG_WARN_QUOTED_INCLUDE_IN_FRAMEWORK_HEADER = YES;
				CLANG_WARN_RANGE_LOOP_ANALYSIS = YES;
				CLANG_WARN_STRICT_PROTOTYPES = YES;
				CLANG_WARN_SUSPICIOUS_MOVE = YES;
				CLANG_WARN_UNGUARDED_AVAILABILITY = YES_AGGRESSIVE;
				CLANG_WARN_UNREACHABLE_CODE = YES;
				CLANG_WARN__DUPLICATE_METHOD_MATCH = YES;
				COPY_PHASE_STRIP = NO;
				DEBUG_INFORMATION_FORMAT = "dwarf-with-dsym";
				ENABLE_NS_ASSERTIONS = NO;
				ENABLE_STRICT_OBJC_MSGSEND = YES;
				GCC_C_LANGUAGE_STANDARD = gnu11;
				GCC_NO_COMMON_BLOCKS = YES;
				GCC_WARN_64_TO_32_BIT_CONVERSION = YES;
				GCC_WARN_ABOUT_RETURN_TYPE = YES_ERROR;
				GCC_WARN_UNDECLARED_SELECTOR = YES;
				GCC_WARN_UNINITIALIZED_AUTOS = YES_AGGRESSIVE;
				GCC_WARN_UNUSED_FUNCTION = YES;
				GCC_WARN_UNUSED_VARIABLE = YES;
				MTL_ENABLE_DEBUG_INFO = NO;
				MTL_FAST_MATH = YES;
				PRODUCT_NAME = "$(TARGET_NAME)";
				SWIFT_COMPILATION_MODE = wholemodule;
				SWIFT_OPTIMIZATION_LEVEL = "-O";
				SWIFT_VERSION = 5.0;
			};
			name = Release;
		};
/* End XCBuildConfiguration section */

/* Begin XCConfigurationList section */
		13984D23D3DE3360F270F101 /* Build configuration list for PBXNativeTarget "iMahjong-macOS" */ = {
			isa = XCConfigurationList;
			buildConfigurations = (
				7BA5FF9CA4BDCB366EC1E36A /* Debug */,
				A95959814A64397FEE82F883 /* Release */,
			);
			defaultConfigurationIsVisible = 0;
			defaultConfigurationName = Debug;
		};
		3EFC74A020E898D33B71A6C2 /* Build configuration list for PBXProject "iMahjong" */ = {
			isa = XCConfigurationList;
			buildConfigurations = (
				942CFB8A2E1D526E3820BE88 /* Debug */,
				F842F734A6A7615E62118101 /* Release */,
			);
			defaultConfigurationIsVisible = 0;
			defaultConfigurationName = Debug;
		};
		7DD68A6F02702434E848E25B /* Build configuration list for PBXNativeTarget "iMahjong-iOS" */ = {
			isa = XCConfigurationList;
			buildConfigurations = (
				8392770E3590C6BA47F1398C /* Debug */,
				1334D0588BAFC1E22AA160E6 /* Release */,
			);
			defaultConfigurationIsVisible = 0;
			defaultConfigurationName = Debug;
		};
		F52E1EAA1B3B4F4E3157B469 /* Build configuration list for PBXNativeTarget "iMahjongTests" */ = {
			isa = XCConfigurationList;
			buildConfigurations = (
				F56914337FE41EC0FD719EB1 /* Debug */,
				DEEB5EC8EFE13A02A4C53609 /* Release */,
			);
			defaultConfigurationIsVisible = 0;
			defaultConfigurationName = Debug;
		};
/* End XCConfigurationList section */
	};
	rootObject = BB506774EB314387FB3FFEB8 /* Project object */;
}
